
Microsoft Visual Studio Solution File, Format Version 12.00
# Visual Studio 2015
Project("{FAE04EC0-301F-11D3-BF4B-00C04F79EFBC}") = "2DShootingGameProject.CSharp", "2DShootingGameProject.CSharp.csproj", "{591E0F8C-0288-EE55-E771-C524299DD538}"
EndProject
Global
	GlobalSection(SolutionConfigurationPlatforms) = preSolution
		Debug|Any CPU = Debug|Any CPU
		Release|Any CPU = Release|Any CPU
	EndGlobalSection
	GlobalSection(ProjectConfigurationPlatforms) = postSolution
		{591E0F8C-0288-EE55-E771-C524299DD538}.Debug|Any CPU.ActiveCfg = Debug|Any CPU
		{591E0F8C-0288-EE55-E771-C524299DD538}.Debug|Any CPU.Build.0 = Debug|Any CPU
		{591E0F8C-0288-EE55-E771-C524299DD538}.Release|Any CPU.ActiveCfg = Release|Any CPU
		{591E0F8C-0288-EE55-E771-C524299DD538}.Release|Any CPU.Build.0 = Release|Any CPU
	EndGlobalSection
	GlobalSection(SolutionProperties) = preSolution
		HideSolutionNode = FALSE
	EndGlobalSection
EndGlobal
